
Microsoft Visual Studio Solution File, Format Version 12.00
# Visual Studio Version 17
VisualStudioVersion = 17.7.34031.279
MinimumVisualStudioVersion = 10.0.40219.1
Project("{9A19103F-16F7-4668-BE54-9A1E7A4F7556}") = "Cs2GlobalAdrTracker", "Cs2GlobalAdrTracker\Cs2GlobalAdrTracker.csproj", "{68AE9F6F-CD01-4F19-ADFE-FD3EF14647D7}"
EndProject
Project("{9A19103F-16F7-4668-BE54-9A1E7A4F7556}") = "UnitTests", "UnitTests\UnitTests.csproj", "{99F1B068-0F99-4A89-B7D3-B2F79F4C2ABA}"
EndProject
Project("{9A19103F-16F7-4668-BE54-9A1E7A4F7556}") = "DatabaseLayer", "DatabaseLayer\DatabaseLayer.csproj", "{D5C022F7-7367-4C8B-9158-7350860DD39E}"
EndProject
Global
	GlobalSection(SolutionConfigurationPlatforms) = preSolution
		Debug|Any CPU = Debug|Any CPU
		Release|Any CPU = Release|Any CPU
	EndGlobalSection
	GlobalSection(ProjectConfigurationPlatforms) = postSolution
		{68AE9F6F-CD01-4F19-ADFE-FD3EF14647D7}.Debug|Any CPU.ActiveCfg = Debug|Any CPU
		{68AE9F6F-CD01-4F19-ADFE-FD3EF14647D7}.Debug|Any CPU.Build.0 = Debug|Any CPU
		{68AE9F6F-CD01-4F19-ADFE-FD3EF14647D7}.Release|Any CPU.ActiveCfg = Release|Any CPU
		{68AE9F6F-CD01-4F19-ADFE-FD3EF14647D7}.Release|Any CPU.Build.0 = Release|Any CPU
		{99F1B068-0F99-4A89-B7D3-B2F79F4C2ABA}.Debug|Any CPU.ActiveCfg = Debug|Any CPU
		{99F1B068-0F99-4A89-B7D3-B2F79F4C2ABA}.Debug|Any CPU.Build.0 = Debug|Any CPU
		{99F1B068-0F99-4A89-B7D3-B2F79F4C2ABA}.Release|Any CPU.ActiveCfg = Release|Any CPU
		{99F1B068-0F99-4A89-B7D3-B2F79F4C2ABA}.Release|Any CPU.Build.0 = Release|Any CPU
		{D5C022F7-7367-4C8B-9158-7350860DD39E}.Debug|Any CPU.ActiveCfg = Debug|Any CPU
		{D5C022F7-7367-4C8B-9158-7350860DD39E}.Debug|Any CPU.Build.0 = Debug|Any CPU
		{D5C022F7-7367-4C8B-9158-7350860DD39E}.Release|Any CPU.ActiveCfg = Release|Any CPU
		{D5C022F7-7367-4C8B-9158-7350860DD39E}.Release|Any CPU.Build.0 = Release|Any CPU
	EndGlobalSection
	GlobalSection(SolutionProperties) = preSolution
		HideSolutionNode = FALSE
	EndGlobalSection
	GlobalSection(ExtensibilityGlobals) = postSolution
		SolutionGuid = {681909FA-0245-40B1-9362-CBE7880196D0}
	EndGlobalSection
EndGlobal
